Microsoft Visual Studio Solution File, Format Version 12.00
# Visual Studio Version 17
VisualStudioVersion = 17.5.2.0
MinimumVisualStudioVersion = 10.0.40219.1
Project("{FAE04EC0-301F-11D3-BF4B-00C04F79EFBC}") = "TimeZoneTest", "TimeZoneTest.csproj", "{7ABE93CE-8F83-FD09-C6F2-84E6FC023AB9}"
EndProject
Global
	GlobalSection(SolutionConfigurationPlatforms) = preSolution
		Debug|Any CPU = Debug|Any CPU
		Release|Any CPU = Release|Any CPU
	EndGlobalSection
	GlobalSection(ProjectConfigurationPlatforms) = postSolution
		{7ABE93CE-8F83-FD09-C6F2-84E6FC023AB9}.Debug|Any CPU.ActiveCfg = Debug|Any CPU
		{7ABE93CE-8F83-FD09-C6F2-84E6FC023AB9}.Debug|Any CPU.Build.0 = Debug|Any CPU
		{7ABE93CE-8F83-FD09-C6F2-84E6FC023AB9}.Release|Any CPU.ActiveCfg = Release|Any CPU
		{7ABE93CE-8F83-FD09-C6F2-84E6FC023AB9}.Release|Any CPU.Build.0 = Release|Any CPU
	EndGlobalSection
	GlobalSection(SolutionProperties) = preSolution
		HideSolutionNode = FALSE
	EndGlobalSection
	GlobalSection(ExtensibilityGlobals) = postSolution
		SolutionGuid = {F27B24F7-0703-49BA-AE00-AEF1B4C1F98A}
	EndGlobalSection
EndGlobal
